
Microsoft Visual Studio Solution File, Format Version 12.00
# Visual Studio Version 17
VisualStudioVersion = 17.0.31903.59
MinimumVisualStudioVersion = 10.0.40219.1
Project("{2150E333-8FDC-42A3-9474-1A3956D46DE8}") = "src", "src", "{827E0CD3-B72D-47B6-A68D-7590B98EB39B}"
EndProject
Project("{FAE04EC0-301F-11D3-BF4B-00C04F79EFBC}") = "CaseManagement.Domain", "src\CaseManagement.Domain\CaseManagement.Domain.csproj", "{833B6BA0-70C2-4F61-A3EC-F876949BC4E8}"
EndProject
Project("{FAE04EC0-301F-11D3-BF4B-00C04F79EFBC}") = "CaseManagement.Application", "src\CaseManagement.Application\CaseManagement.Application.csproj", "{6D53F56B-19FD-4AF2-95E8-4456DBD1C78C}"
EndProject
Project("{FAE04EC0-301F-11D3-BF4B-00C04F79EFBC}") = "CaseManagement.Infrastructure", "src\CaseManagement.Infrastructure\CaseManagement.Infrastructure.csproj", "{7AA52905-600C-4BA4-85D7-54F52D7551E6}"
EndProject
Project("{FAE04EC0-301F-11D3-BF4B-00C04F79EFBC}") = "CaseManagement.Api", "src\CaseManagement.Api\CaseManagement.Api.csproj", "{70BD6C8A-3D32-48A3-9A3F-4F763ACCB843}"
EndProject
Project("{FAE04EC0-301F-11D3-BF4B-00C04F79EFBC}") = "CaseManagement.Api.Tests", "tests\CaseManagement.Api.Tests\CaseManagement.Api.Tests.csproj", "{0D9C34AD-3E1E-48D5-BFC1-8E67D97D380D}"
EndProject
Global
	GlobalSection(SolutionConfigurationPlatforms) = preSolution
		Debug|Any CPU = Debug|Any CPU
		Debug|x64 = Debug|x64
		Debug|x86 = Debug|x86
		Release|Any CPU = Release|Any CPU
		Release|x64 = Release|x64
		Release|x86 = Release|x86
	EndGlobalSection
	GlobalSection(ProjectConfigurationPlatforms) = postSolution
		{833B6BA0-70C2-4F61-A3EC-F876949BC4E8}.Debug|Any CPU.ActiveCfg = Debug|Any CPU
		{833B6BA0-70C2-4F61-A3EC-F876949BC4E8}.Debug|Any CPU.Build.0 = Debug|Any CPU
		{833B6BA0-70C2-4F61-A3EC-F876949BC4E8}.Debug|x64.ActiveCfg = Debug|Any CPU
		{833B6BA0-70C2-4F61-A3EC-F876949BC4E8}.Debug|x64.Build.0 = Debug|Any CPU
		{833B6BA0-70C2-4F61-A3EC-F876949BC4E8}.Debug|x86.ActiveCfg = Debug|Any CPU
		{833B6BA0-70C2-4F61-A3EC-F876949BC4E8}.Debug|x86.Build.0 = Debug|Any CPU
		{833B6BA0-70C2-4F61-A3EC-F876949BC4E8}.Release|Any CPU.ActiveCfg = Release|Any CPU
		{833B6BA0-70C2-4F61-A3EC-F876949BC4E8}.Release|Any CPU.Build.0 = Release|Any CPU
		{833B6BA0-70C2-4F61-A3EC-F876949BC4E8}.Release|x64.ActiveCfg = Release|Any CPU
		{833B6BA0-70C2-4F61-A3EC-F876949BC4E8}.Release|x64.Build.0 = Release|Any CPU
		{833B6BA0-70C2-4F61-A3EC-F876949BC4E8}.Release|x86.ActiveCfg = Release|Any CPU
		{833B6BA0-70C2-4F61-A3EC-F876949BC4E8}.Release|x86.Build.0 = Release|Any CPU
		{6D53F56B-19FD-4AF2-95E8-4456DBD1C78C}.Debug|Any CPU.ActiveCfg = Debug|Any CPU
		{6D53F56B-19FD-4AF2-95E8-4456DBD1C78C}.Debug|Any CPU.Build.0 = Debug|Any CPU
		{6D53F56B-19FD-4AF2-95E8-4456DBD1C78C}.Debug|x64.ActiveCfg = Debug|Any CPU
		{6D53F56B-19FD-4AF2-95E8-4456DBD1C78C}.Debug|x64.Build.0 = Debug|Any CPU
		{6D53F56B-19FD-4AF2-95E8-4456DBD1C78C}.Debug|x86.ActiveCfg = Debug|Any CPU
		{6D53F56B-19FD-4AF2-95E8-4456DBD1C78C}.Debug|x86.Build.0 = Debug|Any CPU
		{6D53F56B-19FD-4AF2-95E8-4456DBD1C78C}.Release|Any CPU.ActiveCfg = Release|Any CPU
		{6D53F56B-19FD-4AF2-95E8-4456DBD1C78C}.Release|Any CPU.Build.0 = Release|Any CPU
		{6D53F56B-19FD-4AF2-95E8-4456DBD1C78C}.Release|x64.ActiveCfg = Release|Any CPU
		{6D53F56B-19FD-4AF2-95E8-4456DBD1C78C}.Release|x64.Build.0 = Release|Any CPU
		{6D53F56B-19FD-4AF2-95E8-4456DBD1C78C}.Release|x86.ActiveCfg = Release|Any CPU
		{6D53F56B-19FD-4AF2-95E8-4456DBD1C78C}.Release|x86.Build.0 = Release|Any CPU
		{7AA52905-600C-4BA4-85D7-54F52D7551E6}.Debug|Any CPU.ActiveCfg = Debug|Any CPU
		{7AA52905-600C-4BA4-85D7-54F52D7551E6}.Debug|Any CPU.Build.0 = Debug|Any CPU
		{7AA52905-600C-4BA4-85D7-54F52D7551E6}.Debug|x64.ActiveCfg = Debug|Any CPU
		{7AA52905-600C-4BA4-85D7-54F52D7551E6}.Debug|x64.Build.0 = Debug|Any CPU
		{7AA52905-600C-4BA4-85D7-54F52D7551E6}.Debug|x86.ActiveCfg = Debug|Any CPU
		{7AA52905-600C-4BA4-85D7-54F52D7551E6}.Debug|x86.Build.0 = Debug|Any CPU
		{7AA52905-600C-4BA4-85D7-54F52D7551E6}.Release|Any CPU.ActiveCfg = Release|Any CPU
		{7AA52905-600C-4BA4-85D7-54F52D7551E6}.Release|Any CPU.Build.0 = Release|Any CPU
		{7AA52905-600C-4BA4-85D7-54F52D7551E6}.Release|x64.ActiveCfg = Release|Any CPU
		{7AA52905-600C-4BA4-85D7-54F52D7551E6}.Release|x64.Build.0 = Release|Any CPU
		{7AA52905-600C-4BA4-85D7-54F52D7551E6}.Release|x86.ActiveCfg = Release|Any CPU
		{7AA52905-600C-4BA4-85D7-54F52D7551E6}.Release|x86.Build.0 = Release|Any CPU
		{70BD6C8A-3D32-48A3-9A3F-4F763ACCB843}.Debug|Any CPU.ActiveCfg = Debug|Any CPU
		{70BD6C8A-3D32-48A3-9A3F-4F763ACCB843}.Debug|Any CPU.Build.0 = Debug|Any CPU
		{70BD6C8A-3D32-48A3-9A3F-4F763ACCB843}.Debug|x64.ActiveCfg = Debug|Any CPU
		{70BD6C8A-3D32-48A3-9A3F-4F763ACCB843}.Debug|x64.Build.0 = Debug|Any CPU
		{70BD6C8A-3D32-48A3-9A3F-4F763ACCB843}.Debug|x86.ActiveCfg = Debug|Any CPU
		{70BD6C8A-3D32-48A3-9A3F-4F763ACCB843}.Debug|x86.Build.0 = Debug|Any CPU
		{70BD6C8A-3D32-48A3-9A3F-4F763ACCB843}.Release|Any CPU.ActiveCfg = Release|Any CPU
		{70BD6C8A-3D32-48A3-9A3F-4F763ACCB843}.Release|Any CPU.Build.0 = Release|Any CPU
		{70BD6C8A-3D32-48A3-9A3F-4F763ACCB843}.Release|x64.ActiveCfg = Release|Any CPU
		{70BD6C8A-3D32-48A3-9A3F-4F763ACCB843}.Release|x64.Build.0 = Release|Any CPU
		{70BD6C8A-3D32-48A3-9A3F-4F763ACCB843}.Release|x86.ActiveCfg = Release|Any CPU
		{70BD6C8A-3D32-48A3-9A3F-4F763ACCB843}.Release|x86.Build.0 = Release|Any CPU
		{0D9C34AD-3E1E-48D5-BFC1-8E67D97D380D}.Debug|Any CPU.ActiveCfg = Debug|Any CPU
		{0D9C34AD-3E1E-48D5-BFC1-8E67D97D380D}.Debug|Any CPU.Build.0 = Debug|Any CPU
		{0D9C34AD-3E1E-48D5-BFC1-8E67D97D380D}.Debug|x64.ActiveCfg = Debug|Any CPU
		{0D9C34AD-3E1E-48D5-BFC1-8E67D97D380D}.Debug|x64.Build.0 = Debug|Any CPU
		{0D9C34AD-3E1E-48D5-BFC1-8E67D97D380D}.Debug|x86.ActiveCfg = Debug|Any CPU
		{0D9C34AD-3E1E-48D5-BFC1-8E67D97D380D}.Debug|x86.Build.0 = Debug|Any CPU
		{0D9C34AD-3E1E-48D5-BFC1-8E67D97D380D}.Release|Any CPU.ActiveCfg = Release|Any CPU
		{0D9C34AD-3E1E-48D5-BFC1-8E67D97D380D}.Release|Any CPU.Build.0 = Release|Any CPU
		{0D9C34AD-3E1E-48D5-BFC1-8E67D97D380D}.Release|x64.ActiveCfg = Release|Any CPU
		{0D9C34AD-3E1E-48D5-BFC1-8E67D97D380D}.Release|x64.Build.0 = Release|Any CPU
		{0D9C34AD-3E1E-48D5-BFC1-8E67D97D380D}.Release|x86.ActiveCfg = Release|Any CPU
		{0D9C34AD-3E1E-48D5-BFC1-8E67D97D380D}.Release|x86.Build.0 = Release|Any CPU
	EndGlobalSection
	GlobalSection(SolutionProperties) = preSolution
		HideSolutionNode = FALSE
	EndGlobalSection
	GlobalSection(NestedProjects) = preSolution
		{833B6BA0-70C2-4F61-A3EC-F876949BC4E8} = {827E0CD3-B72D-47B6-A68D-7590B98EB39B}
		{6D53F56B-19FD-4AF2-95E8-4456DBD1C78C} = {827E0CD3-B72D-47B6-A68D-7590B98EB39B}
		{7AA52905-600C-4BA4-85D7-54F52D7551E6} = {827E0CD3-B72D-47B6-A68D-7590B98EB39B}
		{70BD6C8A-3D32-48A3-9A3F-4F763ACCB843} = {827E0CD3-B72D-47B6-A68D-7590B98EB39B}
		{0D9C34AD-3E1E-48D5-BFC1-8E67D97D380D} = {827E0CD3-B72D-47B6-A68D-7590B98EB39B}
	EndGlobalSection
EndGlobal
